
Microsoft Visual Studio Solution File, Format Version 12.00
# Visual Studio Version 16
VisualStudioVersion = 16.0.29123.88
MinimumVisualStudioVersion = 10.0.40219.1
Project("{9A19103F-16F7-4668-BE54-9A1E7A4F7556}") = "Platform.Data", "Platform.Data\Platform.Data.csproj", "{2E326813-DA6E-41D4-BF0E-7C200603B8DD}"
EndProject
Project("{FAE04EC0-301F-11D3-BF4B-00C04F79EFBC}") = "Platform.Data.Tests", "Platform.Data.Tests\Platform.Data.Tests.csproj", "{FBD04EFD-D801-49A4-9030-BE365320A065}"
EndProject
Global
	GlobalSection(SolutionConfigurationPlatforms) = preSolution
		Debug|Any CPU = Debug|Any CPU
		Release|Any CPU = Release|Any CPU
	EndGlobalSection
	GlobalSection(ProjectConfigurationPlatforms) = postSolution
		{2E326813-DA6E-41D4-BF0E-7C200603B8DD}.Debug|Any CPU.ActiveCfg = Debug|Any CPU
		{2E326813-DA6E-41D4-BF0E-7C200603B8DD}.Debug|Any CPU.Build.0 = Debug|Any CPU
		{2E326813-DA6E-41D4-BF0E-7C200603B8DD}.Release|Any CPU.ActiveCfg = Release|Any CPU
		{2E326813-DA6E-41D4-BF0E-7C200603B8DD}.Release|Any CPU.Build.0 = Release|Any CPU
		{FBD04EFD-D801-49A4-9030-BE365320A065}.Debug|Any CPU.ActiveCfg = Debug|Any CPU
		{FBD04EFD-D801-49A4-9030-BE365320A065}.Debug|Any CPU.Build.0 = Debug|Any CPU
		{FBD04EFD-D801-49A4-9030-BE365320A065}.Release|Any CPU.ActiveCfg = Release|Any CPU
		{FBD04EFD-D801-49A4-9030-BE365320A065}.Release|Any CPU.Build.0 = Release|Any CPU
	EndGlobalSection
	GlobalSection(SolutionProperties) = preSolution
		HideSolutionNode = FALSE
	EndGlobalSection
	GlobalSection(ExtensibilityGlobals) = postSolution
		SolutionGuid = {09A482D6-6C22-433C-8825-F589054D15D0}
	EndGlobalSection
EndGlobal
